<?xml version="1.0" encoding="UTF-8"?>
<!DOCTYPE plist PUBLIC "-//Apple//DTD PLIST 1.0//EN" "http://www.apple.com/DTDs/PropertyList-1.0.dtd">
<plist version="1.0">
<dict>
	<key>archiveVersion</key>
	<string>1</string>
	<key>classes</key>
	<dict/>
	<key>objectVersion</key>
	<string>46</string>
	<key>objects</key>
	<dict>
		<key>5BBECEF8EE054A3A802E9173</key>
		<dict>
			<key>fileRef</key>
			<string>A9CD5E4CAC5F4C8F952C9B71</string>
			<key>isa</key>
			<string>PBXBuildFile</string>
			<key>settings</key>
			<dict/>
		</dict>
		<key>5D41AC4378A0430FAD9BBD70</key>
		<dict>
			<key>buildActionMask</key>
			<string>2147483647</string>
			<key>files</key>
			<array/>
			<key>inputPaths</key>
			<array/>
			<key>isa</key>
			<string>PBXShellScriptBuildPhase</string>
			<key>name</key>
			<string>Copy Pods Resources</string>
			<key>outputPaths</key>
			<array/>
			<key>runOnlyForDeploymentPostprocessing</key>
			<string>0</string>
			<key>shellPath</key>
			<string>/bin/sh</string>
			<key>shellScript</key>
			<string>"${SRCROOT}/Pods/Pods-resources.sh"
</string>
		</dict>
		<key>71248EDE4F324941B9863366</key>
		<dict>
			<key>includeInIndex</key>
			<string>1</string>
			<key>isa</key>
			<string>PBXFileReference</string>
			<key>lastKnownFileType</key>
			<string>text.xcconfig</string>
			<key>name</key>
			<string>Pods.xcconfig</string>
			<key>path</key>
			<string>Pods/Pods.xcconfig</string>
			<key>sourceTree</key>
			<string>SOURCE_ROOT</string>
		</dict>
		<key>792A55591655ABD000459B49</key>
		<dict>
			<key>children</key>
			<array>
				<string>792A55771655ABD000459B49</string>
				<string>792A55781655ABD000459B49</string>
				<string>792A55851655ABEC00459B49</string>
				<string>792A55861655ABFB00459B49</string>
				<string>792A556F1655ABD000459B49</string>
				<string>792A55671655ABD000459B49</string>
				<string>792A55651655ABD000459B49</string>
				<string>71248EDE4F324941B9863366</string>
			</array>
			<key>isa</key>
			<string>PBXGroup</string>
			<key>sourceTree</key>
			<string>&lt;group&gt;</string>
		</dict>
		<key>792A555B1655ABD000459B49</key>
		<dict>
			<key>attributes</key>
			<dict>
				<key>CLASSPREFIX</key>
				<string>NEWS</string>
				<key>LastUpgradeCheck</key>
				<string>0450</string>
				<key>ORGANIZATIONNAME</key>
				<string>Zach Williams</string>
			</dict>
			<key>buildConfigurationList</key>
			<string>792A555E1655ABD000459B49</string>
			<key>compatibilityVersion</key>
			<string>Xcode 3.2</string>
			<key>developmentRegion</key>
			<string>English</string>
			<key>hasScannedForEncodings</key>
			<string>0</string>
			<key>isa</key>
			<string>PBXProject</string>
			<key>knownRegions</key>
			<array>
				<string>en</string>
			</array>
			<key>mainGroup</key>
			<string>792A55591655ABD000459B49</string>
			<key>productRefGroup</key>
			<string>792A55651655ABD000459B49</string>
			<key>projectDirPath</key>
			<string></string>
			<key>projectRoot</key>
			<string></string>
			<key>targets</key>
			<array>
				<string>792A55631655ABD000459B49</string>
			</array>
		</dict>
		<key>792A555E1655ABD000459B49</key>
		<dict>
			<key>buildConfigurations</key>
			<array>
				<string>792A55801655ABD000459B49</string>
				<string>792A55811655ABD000459B49</string>
			</array>
			<key>defaultConfigurationIsVisible</key>
			<string>0</string>
			<key>defaultConfigurationName</key>
			<string>Release</string>
			<key>isa</key>
			<string>XCConfigurationList</string>
		</dict>
		<key>792A55601655ABD000459B49</key>
		<dict>
			<key>buildActionMask</key>
			<string>2147483647</string>
			<key>files</key>
			<array>
				<string>792A55751655ABD000459B49</string>
				<string>792A55791655ABD000459B49</string>
				<string>792A55891655AC8C00459B49</string>
			</array>
			<key>isa</key>
			<string>PBXSourcesBuildPhase</string>
			<key>runOnlyForDeploymentPostprocessing</key>
			<string>0</string>
		</dict>
		<key>792A55611655ABD000459B49</key>
		<dict>
			<key>buildActionMask</key>
			<string>2147483647</string>
			<key>files</key>
			<array>
				<string>792A558B1655BD9600459B49</string>
				<string>792A55691655ABD000459B49</string>
				<string>792A556B1655ABD000459B49</string>
				<string>792A556D1655ABD000459B49</string>
				<string>5BBECEF8EE054A3A802E9173</string>
			</array>
			<key>isa</key>
			<string>PBXFrameworksBuildPhase</string>
			<key>runOnlyForDeploymentPostprocessing</key>
			<string>0</string>
		</dict>
		<key>792A55621655ABD000459B49</key>
		<dict>
			<key>buildActionMask</key>
			<string>2147483647</string>
			<key>files</key>
			<array>
				<string>792A55731655ABD000459B49</string>
				<string>792A557B1655ABD000459B49</string>
				<string>792A557D1655ABD000459B49</string>
				<string>792A557F1655ABD000459B49</string>
			</array>
			<key>isa</key>
			<string>PBXResourcesBuildPhase</string>
			<key>runOnlyForDeploymentPostprocessing</key>
			<string>0</string>
		</dict>
		<key>792A55631655ABD000459B49</key>
		<dict>
			<key>buildConfigurationList</key>
			<string>792A55821655ABD000459B49</string>
			<key>buildPhases</key>
			<array>
				<string>792A55601655ABD000459B49</string>
				<string>792A55611655ABD000459B49</string>
				<string>792A55621655ABD000459B49</string>
				<string>5D41AC4378A0430FAD9BBD70</string>
			</array>
			<key>buildRules</key>
			<array/>
			<key>dependencies</key>
			<array/>
			<key>isa</key>
			<string>PBXNativeTarget</string>
			<key>name</key>
			<string>Hourly</string>
			<key>productName</key>
			<string>Hourly</string>
			<key>productReference</key>
			<string>792A55641655ABD000459B49</string>
			<key>productType</key>
			<string>com.apple.product-type.application</string>
		</dict>
		<key>792A55641655ABD000459B49</key>
		<dict>
			<key>explicitFileType</key>
			<string>wrapper.application</string>
			<key>includeInIndex</key>
			<string>0</string>
			<key>isa</key>
			<string>PBXFileReference</string>
			<key>path</key>
			<string>Hourly.app</string>
			<key>sourceTree</key>
			<string>BUILT_PRODUCTS_DIR</string>
		</dict>
		<key>792A55651655ABD000459B49</key>
		<dict>
			<key>children</key>
			<array>
				<string>792A55641655ABD000459B49</string>
			</array>
			<key>isa</key>
			<string>PBXGroup</string>
			<key>name</key>
			<string>Products</string>
			<key>sourceTree</key>
			<string>&lt;group&gt;</string>
		</dict>
		<key>792A55671655ABD000459B49</key>
		<dict>
			<key>children</key>
			<array>
				<string>792A558A1655BD9600459B49</string>
				<string>792A55681655ABD000459B49</string>
				<string>792A556A1655ABD000459B49</string>
				<string>792A556C1655ABD000459B49</string>
				<string>A9CD5E4CAC5F4C8F952C9B71</string>
			</array>
			<key>isa</key>
			<string>PBXGroup</string>
			<key>name</key>
			<string>Frameworks</string>
			<key>sourceTree</key>
			<string>&lt;group&gt;</string>
		</dict>
		<key>792A55681655ABD000459B49</key>
		<dict>
			<key>isa</key>
			<string>PBXFileReference</string>
			<key>lastKnownFileType</key>
			<string>wrapper.framework</string>
			<key>name</key>
			<string>UIKit.framework</string>
			<key>path</key>
			<string>System/Library/Frameworks/UIKit.framework</string>
			<key>sourceTree</key>
			<string>SDKROOT</string>
		</dict>
		<key>792A55691655ABD000459B49</key>
		<dict>
			<key>fileRef</key>
			<string>792A55681655ABD000459B49</string>
			<key>isa</key>
			<string>PBXBuildFile</string>
		</dict>
		<key>792A556A1655ABD000459B49</key>
		<dict>
			<key>isa</key>
			<string>PBXFileReference</string>
			<key>lastKnownFileType</key>
			<string>wrapper.framework</string>
			<key>name</key>
			<string>Foundation.framework</string>
			<key>path</key>
			<string>System/Library/Frameworks/Foundation.framework</string>
			<key>sourceTree</key>
			<string>SDKROOT</string>
		</dict>
		<key>792A556B1655ABD000459B49</key>
		<dict>
			<key>fileRef</key>
			<string>792A556A1655ABD000459B49</string>
			<key>isa</key>
			<string>PBXBuildFile</string>
		</dict>
		<key>792A556C1655ABD000459B49</key>
		<dict>
			<key>isa</key>
			<string>PBXFileReference</string>
			<key>lastKnownFileType</key>
			<string>wrapper.framework</string>
			<key>name</key>
			<string>CoreGraphics.framework</string>
			<key>path</key>
			<string>System/Library/Frameworks/CoreGraphics.framework</string>
			<key>sourceTree</key>
			<string>SDKROOT</string>
		</dict>
		<key>792A556D1655ABD000459B49</key>
		<dict>
			<key>fileRef</key>
			<string>792A556C1655ABD000459B49</string>
			<key>isa</key>
			<string>PBXBuildFile</string>
		</dict>
		<key>792A556F1655ABD000459B49</key>
		<dict>
			<key>children</key>
			<array>
				<string>792A55701655ABD000459B49</string>
				<string>792A55711655ABD000459B49</string>
				<string>792A55741655ABD000459B49</string>
				<string>792A55761655ABD000459B49</string>
				<string>792A557A1655ABD000459B49</string>
				<string>792A557C1655ABD000459B49</string>
				<string>792A557E1655ABD000459B49</string>
			</array>
			<key>isa</key>
			<string>PBXGroup</string>
			<key>name</key>
			<string>Supporting Files</string>
			<key>path</key>
			<string>Hourly</string>
			<key>sourceTree</key>
			<string>&lt;group&gt;</string>
		</dict>
		<key>792A55701655ABD000459B49</key>
		<dict>
			<key>isa</key>
			<string>PBXFileReference</string>
			<key>lastKnownFileType</key>
			<string>text.plist.xml</string>
			<key>path</key>
			<string>Hourly-Info.plist</string>
			<key>sourceTree</key>
			<string>&lt;group&gt;</string>
		</dict>
		<key>792A55711655ABD000459B49</key>
		<dict>
			<key>children</key>
			<array>
				<string>792A55721655ABD000459B49</string>
			</array>
			<key>isa</key>
			<string>PBXVariantGroup</string>
			<key>name</key>
			<string>InfoPlist.strings</string>
			<key>sourceTree</key>
			<string>&lt;group&gt;</string>
		</dict>
		<key>792A55721655ABD000459B49</key>
		<dict>
			<key>isa</key>
			<string>PBXFileReference</string>
			<key>lastKnownFileType</key>
			<string>text.plist.strings</string>
			<key>name</key>
			<string>en</string>
			<key>path</key>
			<string>en.lproj/InfoPlist.strings</string>
			<key>sourceTree</key>
			<string>&lt;group&gt;</string>
		</dict>
		<key>792A55731655ABD000459B49</key>
		<dict>
			<key>fileRef</key>
			<string>792A55711655ABD000459B49</string>
			<key>isa</key>
			<string>PBXBuildFile</string>
		</dict>
		<key>792A55741655ABD000459B49</key>
		<dict>
			<key>isa</key>
			<string>PBXFileReference</string>
			<key>lastKnownFileType</key>
			<string>sourcecode.c.objc</string>
			<key>path</key>
			<string>main.m</string>
			<key>sourceTree</key>
			<string>&lt;group&gt;</string>
		</dict>
		<key>792A55751655ABD000459B49</key>
		<dict>
			<key>fileRef</key>
			<string>792A55741655ABD000459B49</string>
			<key>isa</key>
			<string>PBXBuildFile</string>
		</dict>
		<key>792A55761655ABD000459B49</key>
		<dict>
			<key>isa</key>
			<string>PBXFileReference</string>
			<key>lastKnownFileType</key>
			<string>sourcecode.c.h</string>
			<key>path</key>
			<string>Hourly-Prefix.pch</string>
			<key>sourceTree</key>
			<string>&lt;group&gt;</string>
		</dict>
		<key>792A55771655ABD000459B49</key>
		<dict>
			<key>isa</key>
			<string>PBXFileReference</string>
			<key>lastKnownFileType</key>
			<string>sourcecode.c.h</string>
			<key>name</key>
			<string>NEWSAppDelegate.h</string>
			<key>path</key>
			<string>Hourly/NEWSAppDelegate.h</string>
			<key>sourceTree</key>
			<string>&lt;group&gt;</string>
		</dict>
		<key>792A55781655ABD000459B49</key>
		<dict>
			<key>isa</key>
			<string>PBXFileReference</string>
			<key>lastKnownFileType</key>
			<string>sourcecode.c.objc</string>
			<key>name</key>
			<string>NEWSAppDelegate.m</string>
			<key>path</key>
			<string>Hourly/NEWSAppDelegate.m</string>
			<key>sourceTree</key>
			<string>&lt;group&gt;</string>
		</dict>
		<key>792A55791655ABD000459B49</key>
		<dict>
			<key>fileRef</key>
			<string>792A55781655ABD000459B49</string>
			<key>isa</key>
			<string>PBXBuildFile</string>
		</dict>
		<key>792A557A1655ABD000459B49</key>
		<dict>
			<key>isa</key>
			<string>PBXFileReference</string>
			<key>lastKnownFileType</key>
			<string>image.png</string>
			<key>path</key>
			<string>Default.png</string>
			<key>sourceTree</key>
			<string>&lt;group&gt;</string>
		</dict>
		<key>792A557B1655ABD000459B49</key>
		<dict>
			<key>fileRef</key>
			<string>792A557A1655ABD000459B49</string>
			<key>isa</key>
			<string>PBXBuildFile</string>
		</dict>
		<key>792A557C1655ABD000459B49</key>
		<dict>
			<key>isa</key>
			<string>PBXFileReference</string>
			<key>lastKnownFileType</key>
			<string>image.png</string>
			<key>path</key>
			<string>Default@2x.png</string>
			<key>sourceTree</key>
			<string>&lt;group&gt;</string>
		</dict>
		<key>792A557D1655ABD000459B49</key>
		<dict>
			<key>fileRef</key>
			<string>792A557C1655ABD000459B49</string>
			<key>isa</key>
			<string>PBXBuildFile</string>
		</dict>
		<key>792A557E1655ABD000459B49</key>
		<dict>
			<key>isa</key>
			<string>PBXFileReference</string>
			<key>lastKnownFileType</key>
			<string>image.png</string>
			<key>path</key>
			<string>Default-568h@2x.png</string>
			<key>sourceTree</key>
			<string>&lt;group&gt;</string>
		</dict>
		<key>792A557F1655ABD000459B49</key>
		<dict>
			<key>fileRef</key>
			<string>792A557E1655ABD000459B49</string>
			<key>isa</key>
			<string>PBXBuildFile</string>
		</dict>
		<key>792A55801655ABD000459B49</key>
		<dict>
			<key>buildSettings</key>
			<dict>
				<key>ALWAYS_SEARCH_USER_PATHS</key>
				<string>NO</string>
				<key>CLANG_CXX_LANGUAGE_STANDARD</key>
				<string>gnu++0x</string>
				<key>CLANG_CXX_LIBRARY</key>
				<string>libc++</string>
				<key>CLANG_ENABLE_OBJC_ARC</key>
				<string>YES</string>
				<key>CLANG_WARN_EMPTY_BODY</key>
				<string>YES</string>
				<key>CLANG_WARN__DUPLICATE_METHOD_MATCH</key>
				<string>YES</string>
				<key>CODE_SIGN_IDENTITY[sdk=iphoneos*]</key>
				<string>iPhone Developer</string>
				<key>COPY_PHASE_STRIP</key>
				<string>NO</string>
				<key>GCC_C_LANGUAGE_STANDARD</key>
				<string>gnu99</string>
				<key>GCC_DYNAMIC_NO_PIC</key>
				<string>NO</string>
				<key>GCC_OPTIMIZATION_LEVEL</key>
				<string>0</string>
				<key>GCC_PREPROCESSOR_DEFINITIONS</key>
				<array>
					<string>DEBUG=1</string>
					<string>$(inherited)</string>
				</array>
				<key>GCC_SYMBOLS_PRIVATE_EXTERN</key>
				<string>NO</string>
				<key>GCC_WARN_ABOUT_RETURN_TYPE</key>
				<string>YES</string>
				<key>GCC_WARN_UNINITIALIZED_AUTOS</key>
				<string>YES</string>
				<key>GCC_WARN_UNUSED_VARIABLE</key>
				<string>YES</string>
				<key>IPHONEOS_DEPLOYMENT_TARGET</key>
				<string>6.0</string>
				<key>ONLY_ACTIVE_ARCH</key>
				<string>YES</string>
				<key>SDKROOT</key>
				<string>iphoneos</string>
			</dict>
			<key>isa</key>
			<string>XCBuildConfiguration</string>
			<key>name</key>
			<string>Debug</string>
		</dict>
		<key>792A55811655ABD000459B49</key>
		<dict>
			<key>buildSettings</key>
			<dict>
				<key>ALWAYS_SEARCH_USER_PATHS</key>
				<string>NO</string>
				<key>CLANG_CXX_LANGUAGE_STANDARD</key>
				<string>gnu++0x</string>
				<key>CLANG_CXX_LIBRARY</key>
				<string>libc++</string>
				<key>CLANG_ENABLE_OBJC_ARC</key>
				<string>YES</string>
				<key>CLANG_WARN_EMPTY_BODY</key>
				<string>YES</string>
				<key>CLANG_WARN__DUPLICATE_METHOD_MATCH</key>
				<string>YES</string>
				<key>CODE_SIGN_IDENTITY[sdk=iphoneos*]</key>
				<string>iPhone Developer</string>
				<key>COPY_PHASE_STRIP</key>
				<string>YES</string>
				<key>GCC_C_LANGUAGE_STANDARD</key>
				<string>gnu99</string>
				<key>GCC_WARN_ABOUT_RETURN_TYPE</key>
				<string>YES</string>
				<key>GCC_WARN_UNINITIALIZED_AUTOS</key>
				<string>YES</string>
				<key>GCC_WARN_UNUSED_VARIABLE</key>
				<string>YES</string>
				<key>IPHONEOS_DEPLOYMENT_TARGET</key>
				<string>6.0</string>
				<key>OTHER_CFLAGS</key>
				<string>-DNS_BLOCK_ASSERTIONS=1</string>
				<key>SDKROOT</key>
				<string>iphoneos</string>
				<key>VALIDATE_PRODUCT</key>
				<string>YES</string>
			</dict>
			<key>isa</key>
			<string>XCBuildConfiguration</string>
			<key>name</key>
			<string>Release</string>
		</dict>
		<key>792A55821655ABD000459B49</key>
		<dict>
			<key>buildConfigurations</key>
			<array>
				<string>792A55831655ABD000459B49</string>
				<string>792A55841655ABD000459B49</string>
			</array>
			<key>defaultConfigurationIsVisible</key>
			<string>0</string>
			<key>isa</key>
			<string>XCConfigurationList</string>
		</dict>
		<key>792A55831655ABD000459B49</key>
		<dict>
			<key>baseConfigurationReference</key>
			<string>71248EDE4F324941B9863366</string>
			<key>buildSettings</key>
			<dict>
				<key>GCC_PRECOMPILE_PREFIX_HEADER</key>
				<string>YES</string>
				<key>GCC_PREFIX_HEADER</key>
				<string>Hourly/Hourly-Prefix.pch</string>
				<key>INFOPLIST_FILE</key>
				<string>Hourly/Hourly-Info.plist</string>
				<key>PRODUCT_NAME</key>
				<string>$(TARGET_NAME)</string>
				<key>WRAPPER_EXTENSION</key>
				<string>app</string>
			</dict>
			<key>isa</key>
			<string>XCBuildConfiguration</string>
			<key>name</key>
			<string>Debug</string>
		</dict>
		<key>792A55841655ABD000459B49</key>
		<dict>
			<key>baseConfigurationReference</key>
			<string>71248EDE4F324941B9863366</string>
			<key>buildSettings</key>
			<dict>
				<key>GCC_PRECOMPILE_PREFIX_HEADER</key>
				<string>YES</string>
				<key>GCC_PREFIX_HEADER</key>
				<string>Hourly/Hourly-Prefix.pch</string>
				<key>INFOPLIST_FILE</key>
				<string>Hourly/Hourly-Info.plist</string>
				<key>PRODUCT_NAME</key>
				<string>$(TARGET_NAME)</string>
				<key>WRAPPER_EXTENSION</key>
				<string>app</string>
			</dict>
			<key>isa</key>
			<string>XCBuildConfiguration</string>
			<key>name</key>
			<string>Release</string>
		</dict>
		<key>792A55851655ABEC00459B49</key>
		<dict>
			<key>children</key>
			<array>
				<string>792A55871655AC8C00459B49</string>
				<string>792A55881655AC8C00459B49</string>
			</array>
			<key>isa</key>
			<string>PBXGroup</string>
			<key>name</key>
			<string>Controllers</string>
			<key>path</key>
			<string>Hourly</string>
			<key>sourceTree</key>
			<string>&lt;group&gt;</string>
		</dict>
		<key>792A55861655ABFB00459B49</key>
		<dict>
			<key>children</key>
			<array/>
			<key>isa</key>
			<string>PBXGroup</string>
			<key>name</key>
			<string>Views</string>
			<key>path</key>
			<string>Hourly</string>
			<key>sourceTree</key>
			<string>&lt;group&gt;</string>
		</dict>
		<key>792A55871655AC8C00459B49</key>
		<dict>
			<key>fileEncoding</key>
			<string>4</string>
			<key>isa</key>
			<string>PBXFileReference</string>
			<key>lastKnownFileType</key>
			<string>sourcecode.c.h</string>
			<key>name</key>
			<string>NEWSInitialViewController.h</string>
			<key>path</key>
			<string>Code/NEWSInitialViewController.h</string>
			<key>sourceTree</key>
			<string>&lt;group&gt;</string>
		</dict>
		<key>792A55881655AC8C00459B49</key>
		<dict>
			<key>fileEncoding</key>
			<string>4</string>
			<key>isa</key>
			<string>PBXFileReference</string>
			<key>lastKnownFileType</key>
			<string>sourcecode.c.objc</string>
			<key>name</key>
			<string>NEWSInitialViewController.m</string>
			<key>path</key>
			<string>Code/NEWSInitialViewController.m</string>
			<key>sourceTree</key>
			<string>&lt;group&gt;</string>
		</dict>
		<key>792A55891655AC8C00459B49</key>
		<dict>
			<key>fileRef</key>
			<string>792A55881655AC8C00459B49</string>
			<key>isa</key>
			<string>PBXBuildFile</string>
		</dict>
		<key>792A558A1655BD9600459B49</key>
		<dict>
			<key>isa</key>
			<string>PBXFileReference</string>
			<key>lastKnownFileType</key>
			<string>wrapper.framework</string>
			<key>name</key>
			<string>AVFoundation.framework</string>
			<key>path</key>
			<string>System/Library/Frameworks/AVFoundation.framework</string>
			<key>sourceTree</key>
			<string>SDKROOT</string>
		</dict>
		<key>792A558B1655BD9600459B49</key>
		<dict>
			<key>fileRef</key>
			<string>792A558A1655BD9600459B49</string>
			<key>isa</key>
			<string>PBXBuildFile</string>
		</dict>
		<key>A9CD5E4CAC5F4C8F952C9B71</key>
		<dict>
			<key>explicitFileType</key>
			<string>archive.ar</string>
			<key>includeInIndex</key>
			<string>0</string>
			<key>isa</key>
			<string>PBXFileReference</string>
			<key>name</key>
			<string>libPods.a</string>
			<key>path</key>
			<string>libPods.a</string>
			<key>sourceTree</key>
			<string>BUILT_PRODUCTS_DIR</string>
		</dict>
	</dict>
	<key>rootObject</key>
	<string>792A555B1655ABD000459B49</string>
</dict>
</plist>
